
Microsoft Visual Studio Solution File, Format Version 12.00
# Visual Studio Version 17
VisualStudioVersion = 17.13.35825.156 d17.13
MinimumVisualStudioVersion = 10.0.40219.1
Project("{FAE04EC0-301F-11D3-BF4B-00C04F79EFBC}") = "excercise 4 ((functions))", "excercise 4 ((functions))\excercise 4 ((functions)).csproj", "{9A42FFE6-E264-4339-B8E7-2C6C04795B46}"
EndProject
Global
	GlobalSection(SolutionConfigurationPlatforms) = preSolution
		Debug|Any CPU = Debug|Any CPU
		Release|Any CPU = Release|Any CPU
	EndGlobalSection
	GlobalSection(ProjectConfigurationPlatforms) = postSolution
		{9A42FFE6-E264-4339-B8E7-2C6C04795B46}.Debug|Any CPU.ActiveCfg = Debug|Any CPU
		{9A42FFE6-E264-4339-B8E7-2C6C04795B46}.Debug|Any CPU.Build.0 = Debug|Any CPU
		{9A42FFE6-E264-4339-B8E7-2C6C04795B46}.Release|Any CPU.ActiveCfg = Release|Any CPU
		{9A42FFE6-E264-4339-B8E7-2C6C04795B46}.Release|Any CPU.Build.0 = Release|Any CPU
	EndGlobalSection
	GlobalSection(SolutionProperties) = preSolution
		HideSolutionNode = FALSE
	EndGlobalSection
	GlobalSection(ExtensibilityGlobals) = postSolution
		SolutionGuid = {09C752A8-C37A-46DF-93C5-6DF3A2A2263E}
	EndGlobalSection
EndGlobal
